
Microsoft Visual Studio Solution File, Format Version 12.00
# Visual Studio Version 17
VisualStudioVersion = 17.7.34221.43
MinimumVisualStudioVersion = 10.0.40219.1
Project("{FAE04EC0-301F-11D3-BF4B-00C04F79EFBC}") = "Insurrance", "Insurrance\Insurrance.csproj", "{8CCD8369-E5EC-4E0B-9322-73003239E488}"
EndProject
Global
	GlobalSection(SolutionConfigurationPlatforms) = preSolution
		Debug|Any CPU = Debug|Any CPU
		Release|Any CPU = Release|Any CPU
	EndGlobalSection
	GlobalSection(ProjectConfigurationPlatforms) = postSolution
		{8CCD8369-E5EC-4E0B-9322-73003239E488}.Debug|Any CPU.ActiveCfg = Debug|Any CPU
		{8CCD8369-E5EC-4E0B-9322-73003239E488}.Debug|Any CPU.Build.0 = Debug|Any CPU
		{8CCD8369-E5EC-4E0B-9322-73003239E488}.Release|Any CPU.ActiveCfg = Release|Any CPU
		{8CCD8369-E5EC-4E0B-9322-73003239E488}.Release|Any CPU.Build.0 = Release|Any CPU
	EndGlobalSection
	GlobalSection(SolutionProperties) = preSolution
		HideSolutionNode = FALSE
	EndGlobalSection
	GlobalSection(ExtensibilityGlobals) = postSolution
		SolutionGuid = {F663928C-F461-40A9-910C-84BA3424159F}
	EndGlobalSection
EndGlobal
